
Microsoft Visual Studio Solution File, Format Version 12.00
# Visual Studio Version 17
VisualStudioVersion = 17.3.32929.385
MinimumVisualStudioVersion = 10.0.40219.1
Project("{FAE04EC0-301F-11D3-BF4B-00C04F79EFBC}") = "LeetCode", "LeetCode\LeetCode.csproj", "{DDF0C2B1-A9B4-42BE-91CC-3A60D4AC220E}"
EndProject
Project("{FAE04EC0-301F-11D3-BF4B-00C04F79EFBC}") = "LeetCode.Easy", "LeetCode.Easy\LeetCode.Easy.csproj", "{480DC160-3A26-499A-91FA-46FB205C479F}"
EndProject
Global
	GlobalSection(SolutionConfigurationPlatforms) = preSolution
		Debug|Any CPU = Debug|Any CPU
		Release|Any CPU = Release|Any CPU
	EndGlobalSection
	GlobalSection(ProjectConfigurationPlatforms) = postSolution
		{DDF0C2B1-A9B4-42BE-91CC-3A60D4AC220E}.Debug|Any CPU.ActiveCfg = Debug|Any CPU
		{DDF0C2B1-A9B4-42BE-91CC-3A60D4AC220E}.Debug|Any CPU.Build.0 = Debug|Any CPU
		{DDF0C2B1-A9B4-42BE-91CC-3A60D4AC220E}.Release|Any CPU.ActiveCfg = Release|Any CPU
		{DDF0C2B1-A9B4-42BE-91CC-3A60D4AC220E}.Release|Any CPU.Build.0 = Release|Any CPU
		{480DC160-3A26-499A-91FA-46FB205C479F}.Debug|Any CPU.ActiveCfg = Debug|Any CPU
		{480DC160-3A26-499A-91FA-46FB205C479F}.Debug|Any CPU.Build.0 = Debug|Any CPU
		{480DC160-3A26-499A-91FA-46FB205C479F}.Release|Any CPU.ActiveCfg = Release|Any CPU
		{480DC160-3A26-499A-91FA-46FB205C479F}.Release|Any CPU.Build.0 = Release|Any CPU
	EndGlobalSection
	GlobalSection(SolutionProperties) = preSolution
		HideSolutionNode = FALSE
	EndGlobalSection
	GlobalSection(ExtensibilityGlobals) = postSolution
		SolutionGuid = {773C5C72-F695-481A-B18E-20A6B9AA48E6}
	EndGlobalSection
EndGlobal
